
Microsoft Visual Studio Solution File, Format Version 12.00
# Visual Studio Version 17
VisualStudioVersion = 17.0.32014.148
MinimumVisualStudioVersion = 10.0.40219.1
Project("{FAE04EC0-301F-11D3-BF4B-00C04F79EFBC}") = "GestionMVVM", "GestionMVVM.csproj", "{C492FCD8-B7DF-42F0-B3FA-0B5558A98244}"
EndProject
Global
	GlobalSection(SolutionConfigurationPlatforms) = preSolution
		Debug|Any CPU = Debug|Any CPU
		Release|Any CPU = Release|Any CPU
	EndGlobalSection
	GlobalSection(ProjectConfigurationPlatforms) = postSolution
		{C492FCD8-B7DF-42F0-B3FA-0B5558A98244}.Debug|Any CPU.ActiveCfg = Debug|Any CPU
		{C492FCD8-B7DF-42F0-B3FA-0B5558A98244}.Debug|Any CPU.Build.0 = Debug|Any CPU
		{C492FCD8-B7DF-42F0-B3FA-0B5558A98244}.Release|Any CPU.ActiveCfg = Release|Any CPU
		{C492FCD8-B7DF-42F0-B3FA-0B5558A98244}.Release|Any CPU.Build.0 = Release|Any CPU
	EndGlobalSection
	GlobalSection(SolutionProperties) = preSolution
		HideSolutionNode = FALSE
	EndGlobalSection
	GlobalSection(ExtensibilityGlobals) = postSolution
		SolutionGuid = {2DD222D5-ACA7-4FDB-AAA9-D1F44B258911}
	EndGlobalSection
EndGlobal
